
Microsoft Visual Studio Solution File, Format Version 12.00
# Visual Studio 14
VisualStudioVersion = 14.0.23107.0
MinimumVisualStudioVersion = 10.0.40219.1
Project("{FAE04EC0-301F-11D3-BF4B-00C04F79EFBC}") = "GeneticStartupsWindows", "GeneticStartupsWindows\GeneticStartupsWindows.csproj", "{6C4E8309-74C4-44EA-8B52-F17AC0431A99}"
EndProject
Project("{FAE04EC0-301F-11D3-BF4B-00C04F79EFBC}") = "GeneticStartupsWindowsTests", "GeneticStartupsWindowsTests\GeneticStartupsWindowsTests.csproj", "{FCC56B33-D150-4126-8DE9-02E294A7571F}"
EndProject
Project("{54435603-DBB4-11D2-8724-00A0C9A8B90C}") = "GeneticStartupsWindowsInstaller", "GeneticStartupsWindowsInstaller\GeneticStartupsWindowsInstaller.vdproj", "{967D40CA-8A86-4704-BC5F-97B70E0734B1}"
EndProject
Global
	GlobalSection(SolutionConfigurationPlatforms) = preSolution
		Debug|Any CPU = Debug|Any CPU
		Release|Any CPU = Release|Any CPU
	EndGlobalSection
	GlobalSection(ProjectConfigurationPlatforms) = postSolution
		{6C4E8309-74C4-44EA-8B52-F17AC0431A99}.Debug|Any CPU.ActiveCfg = Debug|Any CPU
		{6C4E8309-74C4-44EA-8B52-F17AC0431A99}.Debug|Any CPU.Build.0 = Debug|Any CPU
		{6C4E8309-74C4-44EA-8B52-F17AC0431A99}.Release|Any CPU.ActiveCfg = Release|Any CPU
		{6C4E8309-74C4-44EA-8B52-F17AC0431A99}.Release|Any CPU.Build.0 = Release|Any CPU
		{FCC56B33-D150-4126-8DE9-02E294A7571F}.Debug|Any CPU.ActiveCfg = Debug|Any CPU
		{FCC56B33-D150-4126-8DE9-02E294A7571F}.Debug|Any CPU.Build.0 = Debug|Any CPU
		{FCC56B33-D150-4126-8DE9-02E294A7571F}.Release|Any CPU.ActiveCfg = Release|Any CPU
		{FCC56B33-D150-4126-8DE9-02E294A7571F}.Release|Any CPU.Build.0 = Release|Any CPU
		{967D40CA-8A86-4704-BC5F-97B70E0734B1}.Debug|Any CPU.ActiveCfg = Debug
		{967D40CA-8A86-4704-BC5F-97B70E0734B1}.Release|Any CPU.ActiveCfg = Release
	EndGlobalSection
	GlobalSection(SolutionProperties) = preSolution
		HideSolutionNode = FALSE
	EndGlobalSection
EndGlobal
